
Microsoft Visual Studio Solution File, Format Version 12.00
# Visual Studio 15
VisualStudioVersion = 15.0.26114.2
MinimumVisualStudioVersion = 10.0.40219.1
Project("{2150E333-8FDC-42A3-9474-1A3956D46DE8}") = "src", "src", "{A2B04668-C61A-4A42-9A01-792A08D4F427}"
EndProject
Project("{FAE04EC0-301F-11D3-BF4B-00C04F79EFBC}") = "DrivingSchool", "src\DrivingSchool\DrivingSchool.csproj", "{46104213-18F7-4C89-B6F2-4219E83C1880}"
EndProject
Project("{FAE04EC0-301F-11D3-BF4B-00C04F79EFBC}") = "Backup", "Backup\Backup.csproj", "{8543716B-D7F0-4464-8C51-15E204A5330B}"
EndProject
Project("{FAE04EC0-301F-11D3-BF4B-00C04F79EFBC}") = "Backup1", "Backup1\Backup1.csproj", "{F57507A9-B9C7-46C6-B2E3-8620F49A0D1B}"
EndProject
Project("{2150E333-8FDC-42A3-9474-1A3956D46DE8}") = "DrivingSchool", "DrivingSchool", "{654A9095-B2E0-469E-8DEC-CEFEE01E9C3A}"
EndProject
Project("{FAE04EC0-301F-11D3-BF4B-00C04F79EFBC}") = "backup", "src\DrivingSchool\backup\backup.csproj", "{D07908F9-4492-45F4-97C2-2836EBBB28BE}"
EndProject
Global
	GlobalSection(SolutionConfigurationPlatforms) = preSolution
		Debug|Any CPU = Debug|Any CPU
		Release|Any CPU = Release|Any CPU
		Debug|x64 = Debug|x64
		Debug|x86 = Debug|x86
		Release|x64 = Release|x64
		Release|x86 = Release|x86
	EndGlobalSection
	GlobalSection(ProjectConfigurationPlatforms) = postSolution
		{46104213-18F7-4C89-B6F2-4219E83C1880}.Debug|Any CPU.ActiveCfg = Debug|Any CPU
		{46104213-18F7-4C89-B6F2-4219E83C1880}.Debug|Any CPU.Build.0 = Debug|Any CPU
		{46104213-18F7-4C89-B6F2-4219E83C1880}.Release|Any CPU.ActiveCfg = Release|Any CPU
		{46104213-18F7-4C89-B6F2-4219E83C1880}.Release|Any CPU.Build.0 = Release|Any CPU
		{8543716B-D7F0-4464-8C51-15E204A5330B}.Debug|Any CPU.ActiveCfg = Debug|Any CPU
		{8543716B-D7F0-4464-8C51-15E204A5330B}.Debug|Any CPU.Build.0 = Debug|Any CPU
		{8543716B-D7F0-4464-8C51-15E204A5330B}.Debug|x64.ActiveCfg = Debug|x64
		{8543716B-D7F0-4464-8C51-15E204A5330B}.Debug|x64.Build.0 = Debug|x64
		{8543716B-D7F0-4464-8C51-15E204A5330B}.Debug|x86.ActiveCfg = Debug|x86
		{8543716B-D7F0-4464-8C51-15E204A5330B}.Debug|x86.Build.0 = Debug|x86
		{8543716B-D7F0-4464-8C51-15E204A5330B}.Release|Any CPU.ActiveCfg = Release|Any CPU
		{8543716B-D7F0-4464-8C51-15E204A5330B}.Release|Any CPU.Build.0 = Release|Any CPU
		{8543716B-D7F0-4464-8C51-15E204A5330B}.Release|x64.ActiveCfg = Release|x64
		{8543716B-D7F0-4464-8C51-15E204A5330B}.Release|x64.Build.0 = Release|x64
		{8543716B-D7F0-4464-8C51-15E204A5330B}.Release|x86.ActiveCfg = Release|x86
		{8543716B-D7F0-4464-8C51-15E204A5330B}.Release|x86.Build.0 = Release|x86
		{F57507A9-B9C7-46C6-B2E3-8620F49A0D1B}.Debug|Any CPU.ActiveCfg = Debug|Any CPU
		{F57507A9-B9C7-46C6-B2E3-8620F49A0D1B}.Debug|Any CPU.Build.0 = Debug|Any CPU
		{F57507A9-B9C7-46C6-B2E3-8620F49A0D1B}.Debug|x64.ActiveCfg = Debug|x64
		{F57507A9-B9C7-46C6-B2E3-8620F49A0D1B}.Debug|x64.Build.0 = Debug|x64
		{F57507A9-B9C7-46C6-B2E3-8620F49A0D1B}.Debug|x86.ActiveCfg = Debug|x86
		{F57507A9-B9C7-46C6-B2E3-8620F49A0D1B}.Debug|x86.Build.0 = Debug|x86
		{F57507A9-B9C7-46C6-B2E3-8620F49A0D1B}.Release|Any CPU.ActiveCfg = Release|Any CPU
		{F57507A9-B9C7-46C6-B2E3-8620F49A0D1B}.Release|Any CPU.Build.0 = Release|Any CPU
		{F57507A9-B9C7-46C6-B2E3-8620F49A0D1B}.Release|x64.ActiveCfg = Release|x64
		{F57507A9-B9C7-46C6-B2E3-8620F49A0D1B}.Release|x64.Build.0 = Release|x64
		{F57507A9-B9C7-46C6-B2E3-8620F49A0D1B}.Release|x86.ActiveCfg = Release|x86
		{F57507A9-B9C7-46C6-B2E3-8620F49A0D1B}.Release|x86.Build.0 = Release|x86
		{D07908F9-4492-45F4-97C2-2836EBBB28BE}.Debug|Any CPU.ActiveCfg = Debug|Any CPU
		{D07908F9-4492-45F4-97C2-2836EBBB28BE}.Debug|Any CPU.Build.0 = Debug|Any CPU
		{D07908F9-4492-45F4-97C2-2836EBBB28BE}.Debug|x64.ActiveCfg = Debug|x64
		{D07908F9-4492-45F4-97C2-2836EBBB28BE}.Debug|x64.Build.0 = Debug|x64
		{D07908F9-4492-45F4-97C2-2836EBBB28BE}.Debug|x86.ActiveCfg = Debug|x86
		{D07908F9-4492-45F4-97C2-2836EBBB28BE}.Debug|x86.Build.0 = Debug|x86
		{D07908F9-4492-45F4-97C2-2836EBBB28BE}.Release|Any CPU.ActiveCfg = Release|Any CPU
		{D07908F9-4492-45F4-97C2-2836EBBB28BE}.Release|Any CPU.Build.0 = Release|Any CPU
		{D07908F9-4492-45F4-97C2-2836EBBB28BE}.Release|x64.ActiveCfg = Release|x64
		{D07908F9-4492-45F4-97C2-2836EBBB28BE}.Release|x64.Build.0 = Release|x64
		{D07908F9-4492-45F4-97C2-2836EBBB28BE}.Release|x86.ActiveCfg = Release|x86
		{D07908F9-4492-45F4-97C2-2836EBBB28BE}.Release|x86.Build.0 = Release|x86
	EndGlobalSection
	GlobalSection(SolutionProperties) = preSolution
		HideSolutionNode = FALSE
	EndGlobalSection
	GlobalSection(NestedProjects) = preSolution
		{46104213-18F7-4C89-B6F2-4219E83C1880} = {A2B04668-C61A-4A42-9A01-792A08D4F427}
		{654A9095-B2E0-469E-8DEC-CEFEE01E9C3A} = {A2B04668-C61A-4A42-9A01-792A08D4F427}
		{D07908F9-4492-45F4-97C2-2836EBBB28BE} = {654A9095-B2E0-469E-8DEC-CEFEE01E9C3A}
	EndGlobalSection
EndGlobal
